Microsoft Visual Studio Solution File, Format Version 12.00
# Visual Studio Version 17
VisualStudioVersion = 17.5.2.0
MinimumVisualStudioVersion = 10.0.40219.1
Project("{FAE04EC0-301F-11D3-BF4B-00C04F79EFBC}") = "blazorappdemo", "blazorappdemo.csproj", "{D4D80F25-9A07-B592-B116-77DD2A333E56}"
EndProject
Global
	GlobalSection(SolutionConfigurationPlatforms) = preSolution
		Debug|Any CPU = Debug|Any CPU
		Release|Any CPU = Release|Any CPU
	EndGlobalSection
	GlobalSection(ProjectConfigurationPlatforms) = postSolution
		{D4D80F25-9A07-B592-B116-77DD2A333E56}.Debug|Any CPU.ActiveCfg = Debug|Any CPU
		{D4D80F25-9A07-B592-B116-77DD2A333E56}.Debug|Any CPU.Build.0 = Debug|Any CPU
		{D4D80F25-9A07-B592-B116-77DD2A333E56}.Release|Any CPU.ActiveCfg = Release|Any CPU
		{D4D80F25-9A07-B592-B116-77DD2A333E56}.Release|Any CPU.Build.0 = Release|Any CPU
	EndGlobalSection
	GlobalSection(SolutionProperties) = preSolution
		HideSolutionNode = FALSE
	EndGlobalSection
	GlobalSection(ExtensibilityGlobals) = postSolution
		SolutionGuid = {9F2CAFD7-74A6-40EA-82D7-A2F536A0F8FA}
	EndGlobalSection
EndGlobal
